// !$*UTF8*$!
{
	archiveVersion = 1;
	classes = {
	};
	objectVersion = 46;
	objects = {

/* Begin PBXBuildFile section */
		1787E72DD526A2A226460C1C /* libPods.a in Frameworks */ = {isa = PBXBuildFile; fileRef = 49A93A3B282686A0A247209F /* libPods.a */; };
		84478F761B78902F00B766AF /* NotificationCenter.framework in Frameworks */ = {isa = PBXBuildFile; fileRef = 84478F751B78902F00B766AF /* NotificationCenter.framework */; };
		84478F7D1B78902F00B766AF /* InfoPlist.strings in Resources */ = {isa = PBXBuildFile; fileRef = 84478F7B1B78902F00B766AF /* InfoPlist.strings */; };
		84478F801B78902F00B766AF /* TodayViewController.m in Sources */ = {isa = PBXBuildFile; fileRef = 84478F7F1B78902F00B766AF /* TodayViewController.m */; };
		84478F821B78902F00B766AF /* TodayViewController.xib in Resources */ = {isa = PBXBuildFile; fileRef = 84478F811B78902F00B766AF /* TodayViewController.xib */; };
		84478F851B78902F00B766AF /* ExtensionToday.appex in Embed App Extensions */ = {isa = PBXBuildFile; fileRef = 84478F741B78902F00B766AF /* ExtensionToday.appex */; settings = {ATTRIBUTES = (RemoveHeadersOnCopy, ); }; };
		848D8CDE1B71C71B001D7A8A /* SDUserInfo.m in Sources */ = {isa = PBXBuildFile; fileRef = 848D8CDD1B71C71B001D7A8A /* SDUserInfo.m */; };
		84EBFDBB1B79C6B40078F93B /* NotificationCenter.framework in Frameworks */ = {isa = PBXBuildFile; fileRef = 84478F751B78902F00B766AF /* NotificationCenter.framework */; };
		84EBFDC21B79C6B40078F93B /* InfoPlist.strings in Resources */ = {isa = PBXBuildFile; fileRef = 84EBFDC01B79C6B40078F93B /* InfoPlist.strings */; };
		84EBFDC51B79C6B40078F93B /* TodayViewController.m in Sources */ = {isa = PBXBuildFile; fileRef = 84EBFDC41B79C6B40078F93B /* TodayViewController.m */; };
		84EBFDC81B79C6B40078F93B /* ListRowViewController.m in Sources */ = {isa = PBXBuildFile; fileRef = 84EBFDC71B79C6B40078F93B /* ListRowViewController.m */; };
		84EBFDCA1B79C6B40078F93B /* TodayViewController.xib in Resources */ = {isa = PBXBuildFile; fileRef = 84EBFDC91B79C6B40078F93B /* TodayViewController.xib */; };
		84EBFDCC1B79C6B40078F93B /* ListRowViewController.xib in Resources */ = {isa = PBXBuildFile; fileRef = 84EBFDCB1B79C6B40078F93B /* ListRowViewController.xib */; };
		84EBFDCF1B79C6B40078F93B /* ExtensionTodayList.appex in Embed App Extensions */ = {isa = PBXBuildFile; fileRef = 84EBFDBA1B79C6B40078F93B /* ExtensionTodayList.appex */; settings = {ATTRIBUTES = (RemoveHeadersOnCopy, ); }; };
		E58551F41B710A870037E7F4 /* SDStockMarket.m in Sources */ = {isa = PBXBuildFile; fileRef = E58551F31B710A870037E7F4 /* SDStockMarket.m */; };
		E5A6CC3E1B6C96C100FD6565 /* SDColorBackgroundView.m in Sources */ = {isa = PBXBuildFile; fileRef = E5A6CC3D1B6C96C100FD6565 /* SDColorBackgroundView.m */; };
		E5E9D4041B6E1BA200DCC7C0 /* SDStockInfo.m in Sources */ = {isa = PBXBuildFile; fileRef = E5E9D4031B6E1BA200DCC7C0 /* SDStockInfo.m */; };
		E5E9D4071B6E1CAB00DCC7C0 /* SDCommonFetcher.m in Sources */ = {isa = PBXBuildFile; fileRef = E5E9D4061B6E1CAB00DCC7C0 /* SDCommonFetcher.m */; };
		E5F43CC21B632BE5000D2AB8 /* SDAppDelegate.m in Sources */ = {isa = PBXBuildFile; fileRef = E5F43CC11B632BE5000D2AB8 /* SDAppDelegate.m */; };
		E5F43CC41B632BE5000D2AB8 /* main.m in Sources */ = {isa = PBXBuildFile; fileRef = E5F43CC31B632BE5000D2AB8 /* main.m */; };
		E5F43CC61B632BE5000D2AB8 /* Images.xcassets in Resources */ = {isa = PBXBuildFile; fileRef = E5F43CC51B632BE5000D2AB8 /* Images.xcassets */; };
		E5F43CC91B632BE5000D2AB8 /* MainMenu.xib in Resources */ = {isa = PBXBuildFile; fileRef = E5F43CC71B632BE5000D2AB8 /* MainMenu.xib */; };
		E5F43CD51B632BE5000D2AB8 /* StockDetectiveTests.m in Sources */ = {isa = PBXBuildFile; fileRef = E5F43CD41B632BE5000D2AB8 /* StockDetectiveTests.m */; };
		E5F43CE11B63380D000D2AB8 /* SDRefreshDataTask.m in Sources */ = {isa = PBXBuildFile; fileRef = E5F43CE01B63380D000D2AB8 /* SDRefreshDataTask.m */; };
		E5F43DFD1B638AF1000D2AB8 /* Yuba.framework in Frameworks */ = {isa = PBXBuildFile; fileRef = E5F43DFC1B638AC6000D2AB8 /* Yuba.framework */; };
		E5F43DFE1B638AF1000D2AB8 /* Yuba.framework in Embed Frameworks */ = {isa = PBXBuildFile; fileRef = E5F43DFC1B638AC6000D2AB8 /* Yuba.framework */; settings = {ATTRIBUTES = (CodeSignOnCopy, RemoveHeadersOnCopy, ); }; };
		E5F43E1D1B639035000D2AB8 /* SDMainWindowController.m in Sources */ = {isa = PBXBuildFile; fileRef = E5F43E1B1B639035000D2AB8 /* SDMainWindowController.m */; };
		E5F43E1E1B639035000D2AB8 /* SDMainWindowController.xib in Resources */ = {isa = PBXBuildFile; fileRef = E5F43E1C1B639035000D2AB8 /* SDMainWindowController.xib */; };
		E5F43E261B63A9BC000D2AB8 /* SDGraphMarkerViewController.m in Sources */ = {isa = PBXBuildFile; fileRef = E5F43E241B63A9BC000D2AB8 /* SDGraphMarkerViewController.m */; };
		E5F43E271B63A9BC000D2AB8 /* SDGraphMarkerViewController.xib in Resources */ = {isa = PBXBuildFile; fileRef = E5F43E251B63A9BC000D2AB8 /* SDGraphMarkerViewController.xib */; };
/* End PBXBuildFile section */

/* Begin PBXContainerItemProxy section */
		84478F831B78902F00B766AF /* PBXContainerItemProxy */ = {
			isa = PBXContainerItemProxy;
			containerPortal = E5F43CB31B632BE5000D2AB8 /* Project object */;
			proxyType = 1;
			remoteGlobalIDString = 84478F731B78902F00B766AF;
			remoteInfo = ExtensionToday;
		};
		84EBFDCD1B79C6B40078F93B /* PBXContainerItemProxy */ = {
			isa = PBXContainerItemProxy;
			containerPortal = E5F43CB31B632BE5000D2AB8 /* Project object */;
			proxyType = 1;
			remoteGlobalIDString = 84EBFDB91B79C6B40078F93B;
			remoteInfo = ExtensionTodayList;
		};
		E5F43CCF1B632BE5000D2AB8 /* PBXContainerItemProxy */ = {
			isa = PBXContainerItemProxy;
			containerPortal = E5F43CB31B632BE5000D2AB8 /* Project object */;
			proxyType = 1;
			remoteGlobalIDString = E5F43CBA1B632BE5000D2AB8;
			remoteInfo = StockDetective;
		};
		E5F43DFB1B638AC6000D2AB8 /* PBXContainerItemProxy */ = {
			isa = PBXContainerItemProxy;
			containerPortal = E5F43DF71B638AC6000D2AB8 /* Yuba.xcodeproj */;
			proxyType = 2;
			remoteGlobalIDString = 8DC2EF5B0486A6940098B216;
			remoteInfo = Yuba;
		};
		E5F43DFF1B638AF1000D2AB8 /* PBXContainerItemProxy */ = {
			isa = PBXContainerItemProxy;
			containerPortal = E5F43DF71B638AC6000D2AB8 /* Yuba.xcodeproj */;
			proxyType = 1;
			remoteGlobalIDString = 8DC2EF4F0486A6940098B216;
			remoteInfo = Yuba;
		};
/* End PBXContainerItemProxy section */

/* Begin PBXCopyFilesBuildPhase section */
		84478F891B78902F00B766AF /* Embed App Extensions */ = {
			isa = PBXCopyFilesBuildPhase;
			buildActionMask = 2147483647;
			dstPath = "";
			dstSubfolderSpec = 13;
			files = (
				84EBFDCF1B79C6B40078F93B /* ExtensionTodayList.appex in Embed App Extensions */,
				84478F851B78902F00B766AF /* ExtensionToday.appex in Embed App Extensions */,
			);
			name = "Embed App Extensions";
			runOnlyForDeploymentPostprocessing = 0;
		};
		E5F43E011B638AF1000D2AB8 /* Embed Frameworks */ = {
			isa = PBXCopyFilesBuildPhase;
			buildActionMask = 2147483647;
			dstPath = "";
			dstSubfolderSpec = 10;
			files = (
				E5F43DFE1B638AF1000D2AB8 /* Yuba.framework in Embed Frameworks */,
			);
			name = "Embed Frameworks";
			runOnlyForDeploymentPostprocessing = 0;
		};
/* End PBXCopyFilesBuildPhase section */

/* Begin PBXFileReference section */
		49A93A3B282686A0A247209F /* libPods.a */ = {isa = PBXFileReference; explicitFileType = archive.ar; includeInIndex = 0; path = libPods.a; sourceTree = BUILT_PRODUCTS_DIR; };
		84478F741B78902F00B766AF /* ExtensionToday.appex */ = {isa = PBXFileReference; explicitFileType = "wrapper.app-extension"; includeInIndex = 0; path = ExtensionToday.appex; sourceTree = BUILT_PRODUCTS_DIR; };
		84478F751B78902F00B766AF /* NotificationCenter.framework */ = {isa = PBXFileReference; lastKnownFileType = wrapper.framework; name = NotificationCenter.framework; path = System/Library/Frameworks/NotificationCenter.framework; sourceTree = SDKROOT; };
		84478F791B78902F00B766AF /* Info.plist */ = {isa = PBXFileReference; lastKnownFileType = text.plist.xml; path = Info.plist; sourceTree = "<group>"; };
		84478F7A1B78902F00B766AF /* ExtensionToday.entitlements */ = {isa = PBXFileReference; lastKnownFileType = text.xml; path = ExtensionToday.entitlements; sourceTree = "<group>"; };
		84478F7C1B78902F00B766AF /* en */ = {isa = PBXFileReference; lastKnownFileType = text.plist.strings; name = en; path = en.lproj/InfoPlist.strings; sourceTree = "<group>"; };
		84478F7E1B78902F00B766AF /* TodayViewController.h */ = {isa = PBXFileReference; lastKnownFileType = sourcecode.c.h; path = TodayViewController.h; sourceTree = "<group>"; };
		84478F7F1B78902F00B766AF /* TodayViewController.m */ = {isa = PBXFileReference; lastKnownFileType = sourcecode.c.objc; path = TodayViewController.m; sourceTree = "<group>"; };
		84478F811B78902F00B766AF /* TodayViewController.xib */ = {isa = PBXFileReference; lastKnownFileType = file.xib; path = TodayViewController.xib; sourceTree = "<group>"; };
		848D8CDC1B71C71B001D7A8A /* SDUserInfo.h */ = {isa = PBXFileReference; fileEncoding = 4; lastKnownFileType = sourcecode.c.h; name = SDUserInfo.h; path = Model/SDUserInfo.h; sourceTree = "<group>"; };
		848D8CDD1B71C71B001D7A8A /* SDUserInfo.m */ = {isa = PBXFileReference; fileEncoding = 4; lastKnownFileType = sourcecode.c.objc; name = SDUserInfo.m; path = Model/SDUserInfo.m; sourceTree = "<group>"; };
		84EBFDBA1B79C6B40078F93B /* ExtensionTodayList.appex */ = {isa = PBXFileReference; explicitFileType = "wrapper.app-extension"; includeInIndex = 0; path = ExtensionTodayList.appex; sourceTree = BUILT_PRODUCTS_DIR; };
		84EBFDBE1B79C6B40078F93B /* Info.plist */ = {isa = PBXFileReference; lastKnownFileType = text.plist.xml; path = Info.plist; sourceTree = "<group>"; };
		84EBFDBF1B79C6B40078F93B /* ExtensionTodayList.entitlements */ = {isa = PBXFileReference; lastKnownFileType = text.xml; path = ExtensionTodayList.entitlements; sourceTree = "<group>"; };
		84EBFDC11B79C6B40078F93B /* en */ = {isa = PBXFileReference; lastKnownFileType = text.plist.strings; name = en; path = en.lproj/InfoPlist.strings; sourceTree = "<group>"; };
		84EBFDC31B79C6B40078F93B /* TodayViewController.h */ = {isa = PBXFileReference; lastKnownFileType = sourcecode.c.h; path = TodayViewController.h; sourceTree = "<group>"; };
		84EBFDC41B79C6B40078F93B /* TodayViewController.m */ = {isa = PBXFileReference; lastKnownFileType = sourcecode.c.objc; path = TodayViewController.m; sourceTree = "<group>"; };
		84EBFDC61B79C6B40078F93B /* ListRowViewController.h */ = {isa = PBXFileReference; lastKnownFileType = sourcecode.c.h; path = ListRowViewController.h; sourceTree = "<group>"; };
		84EBFDC71B79C6B40078F93B /* ListRowViewController.m */ = {isa = PBXFileReference; lastKnownFileType = sourcecode.c.objc; path = ListRowViewController.m; sourceTree = "<group>"; };
		84EBFDC91B79C6B40078F93B /* TodayViewController.xib */ = {isa = PBXFileReference; lastKnownFileType = file.xib; path = TodayViewController.xib; sourceTree = "<group>"; };
		84EBFDCB1B79C6B40078F93B /* ListRowViewController.xib */ = {isa = PBXFileReference; lastKnownFileType = file.xib; path = ListRowViewController.xib; sourceTree = "<group>"; };
		8708CD6C50CEC715405FD86F /* Pods.debug.xcconfig */ = {isa = PBXFileReference; includeInIndex = 1; lastKnownFileType = text.xcconfig; name = Pods.debug.xcconfig; path = "Pods/Target Support Files/Pods/Pods.debug.xcconfig"; sourceTree = "<group>"; };
		E58551F21B710A870037E7F4 /* SDStockMarket.h */ = {isa = PBXFileReference; fileEncoding = 4; lastKnownFileType = sourcecode.c.h; name = SDStockMarket.h; path = Model/SDStockMarket.h; sourceTree = "<group>"; };
		E58551F31B710A870037E7F4 /* SDStockMarket.m */ = {isa = PBXFileReference; fileEncoding = 4; lastKnownFileType = sourcecode.c.objc; name = SDStockMarket.m; path = Model/SDStockMarket.m; sourceTree = "<group>"; };
		E5A6CC3C1B6C96C100FD6565 /* SDColorBackgroundView.h */ = {isa = PBXFileReference; fileEncoding = 4; lastKnownFileType = sourcecode.c.h; name = SDColorBackgroundView.h; path = View/SDColorBackgroundView.h; sourceTree = "<group>"; };
		E5A6CC3D1B6C96C100FD6565 /* SDColorBackgroundView.m */ = {isa = PBXFileReference; fileEncoding = 4; lastKnownFileType = sourcecode.c.objc; name = SDColorBackgroundView.m; path = View/SDColorBackgroundView.m; sourceTree = "<group>"; };
		E5E9D4021B6E1BA200DCC7C0 /* SDStockInfo.h */ = {isa = PBXFileReference; fileEncoding = 4; lastKnownFileType = sourcecode.c.h; name = SDStockInfo.h; path = Model/SDStockInfo.h; sourceTree = "<group>"; };
		E5E9D4031B6E1BA200DCC7C0 /* SDStockInfo.m */ = {isa = PBXFileReference; fileEncoding = 4; lastKnownFileType = sourcecode.c.objc; name = SDStockInfo.m; path = Model/SDStockInfo.m; sourceTree = "<group>"; };
		E5E9D4051B6E1CAB00DCC7C0 /* SDCommonFetcher.h */ = {isa = PBXFileReference; fileEncoding = 4; lastKnownFileType = sourcecode.c.h; name = SDCommonFetcher.h; path = Task/SDCommonFetcher.h; sourceTree = "<group>"; };
		E5E9D4061B6E1CAB00DCC7C0 /* SDCommonFetcher.m */ = {isa = PBXFileReference; fileEncoding = 4; lastKnownFileType = sourcecode.c.objc; name = SDCommonFetcher.m; path = Task/SDCommonFetcher.m; sourceTree = "<group>"; };
		E5F43CBB1B632BE5000D2AB8 /* StockDetective.app */ = {isa = PBXFileReference; explicitFileType = wrapper.application; includeInIndex = 0; path = StockDetective.app; sourceTree = BUILT_PRODUCTS_DIR; };
		E5F43CBF1B632BE5000D2AB8 /* Info.plist */ = {isa = PBXFileReference; lastKnownFileType = text.plist.xml; path = Info.plist; sourceTree = "<group>"; };
		E5F43CC01B632BE5000D2AB8 /* SDAppDelegate.h */ = {isa = PBXFileReference; lastKnownFileType = sourcecode.c.h; path = SDAppDelegate.h; sourceTree = "<group>"; };
		E5F43CC11B632BE5000D2AB8 /* SDAppDelegate.m */ = {isa = PBXFileReference; lastKnownFileType = sourcecode.c.objc; path = SDAppDelegate.m; sourceTree = "<group>"; };
		E5F43CC31B632BE5000D2AB8 /* main.m */ = {isa = PBXFileReference; lastKnownFileType = sourcecode.c.objc; path = main.m; sourceTree = "<group>"; };
		E5F43CC51B632BE5000D2AB8 /* Images.xcassets */ = {isa = PBXFileReference; lastKnownFileType = folder.assetcatalog; path = Images.xcassets; sourceTree = "<group>"; };
		E5F43CC81B632BE5000D2AB8 /* Base */ = {isa = PBXFileReference; lastKnownFileType = file.xib; name = Base; path = Base.lproj/MainMenu.xib; sourceTree = "<group>"; };
		E5F43CCE1B632BE5000D2AB8 /* StockDetectiveTests.xctest */ = {isa = PBXFileReference; explicitFileType = wrapper.cfbundle; includeInIndex = 0; path = StockDetectiveTests.xctest; sourceTree = BUILT_PRODUCTS_DIR; };
		E5F43CD31B632BE5000D2AB8 /* Info.plist */ = {isa = PBXFileReference; lastKnownFileType = text.plist.xml; path = Info.plist; sourceTree = "<group>"; };
		E5F43CD41B632BE5000D2AB8 /* StockDetectiveTests.m */ = {isa = PBXFileReference; lastKnownFileType = sourcecode.c.objc; path = StockDetectiveTests.m; sourceTree = "<group>"; };
		E5F43CDF1B63380D000D2AB8 /* SDRefreshDataTask.h */ = {isa = PBXFileReference; fileEncoding = 4; lastKnownFileType = sourcecode.c.h; name = SDRefreshDataTask.h; path = Task/SDRefreshDataTask.h; sourceTree = "<group>"; };
		E5F43CE01B63380D000D2AB8 /* SDRefreshDataTask.m */ = {isa = PBXFileReference; fileEncoding = 4; lastKnownFileType = sourcecode.c.objc; name = SDRefreshDataTask.m; path = Task/SDRefreshDataTask.m; sourceTree = "<group>"; };
		E5F43DF71B638AC6000D2AB8 /* Yuba.xcodeproj */ = {isa = PBXFileReference; lastKnownFileType = "wrapper.pb-project"; name = Yuba.xcodeproj; path = ../../Tools/Yuba/Yuba.xcodeproj; sourceTree = "<group>"; };
		E5F43E1A1B639035000D2AB8 /* SDMainWindowController.h */ = {isa = PBXFileReference; fileEncoding = 4; lastKnownFileType = sourcecode.c.h; name = SDMainWindowController.h; path = ViewController/SDMainWindowController.h; sourceTree = "<group>"; };
		E5F43E1B1B639035000D2AB8 /* SDMainWindowController.m */ = {isa = PBXFileReference; fileEncoding = 4; lastKnownFileType = sourcecode.c.objc; name = SDMainWindowController.m; path = ViewController/SDMainWindowController.m; sourceTree = "<group>"; };
		E5F43E1C1B639035000D2AB8 /* SDMainWindowController.xib */ = {isa = PBXFileReference; fileEncoding = 4; lastKnownFileType = file.xib; name = SDMainWindowController.xib; path = ViewController/SDMainWindowController.xib; sourceTree = "<group>"; };
		E5F43E231B63A9BC000D2AB8 /* SDGraphMarkerViewController.h */ = {isa = PBXFileReference; fileEncoding = 4; lastKnownFileType = sourcecode.c.h; name = SDGraphMarkerViewController.h; path = ViewController/SDGraphMarkerViewController.h; sourceTree = "<group>"; };
		E5F43E241B63A9BC000D2AB8 /* SDGraphMarkerViewController.m */ = {isa = PBXFileReference; fileEncoding = 4; lastKnownFileType = sourcecode.c.objc; name = SDGraphMarkerViewController.m; path = ViewController/SDGraphMarkerViewController.m; sourceTree = "<group>"; };
		E5F43E251B63A9BC000D2AB8 /* SDGraphMarkerViewController.xib */ = {isa = PBXFileReference; fileEncoding = 4; lastKnownFileType = file.xib; name = SDGraphMarkerViewController.xib; path = ViewController/SDGraphMarkerViewController.xib; sourceTree = "<group>"; };
		E9A5147D3BB3D733DE4A4357 /* Pods.release.xcconfig */ = {isa = PBXFileReference; includeInIndex = 1; lastKnownFileType = text.xcconfig; name = Pods.release.xcconfig; path = "Pods/Target Support Files/Pods/Pods.release.xcconfig"; sourceTree = "<group>"; };
/* End PBXFileReference section */

/* Begin PBXFrameworksBuildPhase section */
		84478F711B78902F00B766AF /* Frameworks */ = {
			isa = PBXFrameworksBuildPhase;
			buildActionMask = 2147483647;
			files = (
				84478F761B78902F00B766AF /* NotificationCenter.framework in Frameworks */,
			);
			runOnlyForDeploymentPostprocessing = 0;
		};
		84EBFDB71B79C6B40078F93B /* Frameworks */ = {
			isa = PBXFrameworksBuildPhase;
			buildActionMask = 2147483647;
			files = (
				84EBFDBB1B79C6B40078F93B /* NotificationCenter.framework in Frameworks */,
			);
			runOnlyForDeploymentPostprocessing = 0;
		};
		E5F43CB81B632BE5000D2AB8 /* Frameworks */ = {
			isa = PBXFrameworksBuildPhase;
			buildActionMask = 2147483647;
			files = (
				1787E72DD526A2A226460C1C /* libPods.a in Frameworks */,
				E5F43DFD1B638AF1000D2AB8 /* Yuba.framework in Frameworks */,
			);
			runOnlyForDeploymentPostprocessing = 0;
		};
		E5F43CCB1B632BE5000D2AB8 /* Frameworks */ = {
			isa = PBXFrameworksBuildPhase;
			buildActionMask = 2147483647;
			files = (
			);
			runOnlyForDeploymentPostprocessing = 0;
		};
/* End PBXFrameworksBuildPhase section */

/* Begin PBXGroup section */
		1BD36D656BDBD9F136BC38C2 /* Frameworks */ = {
			isa = PBXGroup;
			children = (
				49A93A3B282686A0A247209F /* libPods.a */,
				84478F751B78902F00B766AF /* NotificationCenter.framework */,
			);
			name = Frameworks;
			sourceTree = "<group>";
		};
		84478F771B78902F00B766AF /* ExtensionToday */ = {
			isa = PBXGroup;
			children = (
				84478F7E1B78902F00B766AF /* TodayViewController.h */,
				84478F7F1B78902F00B766AF /* TodayViewController.m */,
				84478F811B78902F00B766AF /* TodayViewController.xib */,
				84478F781B78902F00B766AF /* Supporting Files */,
			);
			path = ExtensionToday;
			sourceTree = "<group>";
		};
		84478F781B78902F00B766AF /* Supporting Files */ = {
			isa = PBXGroup;
			children = (
				84478F791B78902F00B766AF /* Info.plist */,
				84478F7A1B78902F00B766AF /* ExtensionToday.entitlements */,
				84478F7B1B78902F00B766AF /* InfoPlist.strings */,
			);
			name = "Supporting Files";
			sourceTree = "<group>";
		};
		84EBFDBC1B79C6B40078F93B /* ExtensionTodayList */ = {
			isa = PBXGroup;
			children = (
				84EBFDC31B79C6B40078F93B /* TodayViewController.h */,
				84EBFDC41B79C6B40078F93B /* TodayViewController.m */,
				84EBFDC91B79C6B40078F93B /* TodayViewController.xib */,
				84EBFDC61B79C6B40078F93B /* ListRowViewController.h */,
				84EBFDC71B79C6B40078F93B /* ListRowViewController.m */,
				84EBFDCB1B79C6B40078F93B /* ListRowViewController.xib */,
				84EBFDBD1B79C6B40078F93B /* Supporting Files */,
			);
			path = ExtensionTodayList;
			sourceTree = "<group>";
		};
		84EBFDBD1B79C6B40078F93B /* Supporting Files */ = {
			isa = PBXGroup;
			children = (
				84EBFDBE1B79C6B40078F93B /* Info.plist */,
				84EBFDBF1B79C6B40078F93B /* ExtensionTodayList.entitlements */,
				84EBFDC01B79C6B40078F93B /* InfoPlist.strings */,
			);
			name = "Supporting Files";
			sourceTree = "<group>";
		};
		E5A6CC3B1B6C969300FD6565 /* View */ = {
			isa = PBXGroup;
			children = (
				E5A6CC3C1B6C96C100FD6565 /* SDColorBackgroundView.h */,
				E5A6CC3D1B6C96C100FD6565 /* SDColorBackgroundView.m */,
			);
			name = View;
			sourceTree = "<group>";
		};
		E5E9D4011B6E1B8500DCC7C0 /* Model */ = {
			isa = PBXGroup;
			children = (
				E5E9D4021B6E1BA200DCC7C0 /* SDStockInfo.h */,
				E5E9D4031B6E1BA200DCC7C0 /* SDStockInfo.m */,
				E58551F21B710A870037E7F4 /* SDStockMarket.h */,
				E58551F31B710A870037E7F4 /* SDStockMarket.m */,
				848D8CDC1B71C71B001D7A8A /* SDUserInfo.h */,
				848D8CDD1B71C71B001D7A8A /* SDUserInfo.m */,
			);
			name = Model;
			sourceTree = "<group>";
		};
		E5F43CB21B632BE5000D2AB8 = {
			isa = PBXGroup;
			children = (
				E5F43D5F1B638262000D2AB8 /* 3rdParty */,
				E5F43CBD1B632BE5000D2AB8 /* StockDetective */,
				E5F43CD11B632BE5000D2AB8 /* StockDetectiveTests */,
				84478F771B78902F00B766AF /* ExtensionToday */,
				84EBFDBC1B79C6B40078F93B /* ExtensionTodayList */,
				EA4F27AFF5EDF99923C34D14 /* Pods */,
				1BD36D656BDBD9F136BC38C2 /* Frameworks */,
				E5F43CBC1B632BE5000D2AB8 /* Products */,
			);
			sourceTree = "<group>";
		};
		E5F43CBC1B632BE5000D2AB8 /* Products */ = {
			isa = PBXGroup;
			children = (
				E5F43CBB1B632BE5000D2AB8 /* StockDetective.app */,
				E5F43CCE1B632BE5000D2AB8 /* StockDetectiveTests.xctest */,
				84478F741B78902F00B766AF /* ExtensionToday.appex */,
				84EBFDBA1B79C6B40078F93B /* ExtensionTodayList.appex */,
			);
			name = Products;
			sourceTree = "<group>";
		};
		E5F43CBD1B632BE5000D2AB8 /* StockDetective */ = {
			isa = PBXGroup;
			children = (
				E5F43CC01B632BE5000D2AB8 /* SDAppDelegate.h */,
				E5F43CC11B632BE5000D2AB8 /* SDAppDelegate.m */,
				E5F43E191B638FF4000D2AB8 /* ViewController */,
				E5A6CC3B1B6C969300FD6565 /* View */,
				E5F43CDE1B6337BB000D2AB8 /* Task */,
				E5E9D4011B6E1B8500DCC7C0 /* Model */,
				E5F43CBE1B632BE5000D2AB8 /* Supporting Files */,
			);
			path = StockDetective;
			sourceTree = "<group>";
		};
		E5F43CBE1B632BE5000D2AB8 /* Supporting Files */ = {
			isa = PBXGroup;
			children = (
				E5F43CC51B632BE5000D2AB8 /* Images.xcassets */,
				E5F43CC71B632BE5000D2AB8 /* MainMenu.xib */,
				E5F43CBF1B632BE5000D2AB8 /* Info.plist */,
				E5F43CC31B632BE5000D2AB8 /* main.m */,
			);
			name = "Supporting Files";
			sourceTree = "<group>";
		};
		E5F43CD11B632BE5000D2AB8 /* StockDetectiveTests */ = {
			isa = PBXGroup;
			children = (
				E5F43CD41B632BE5000D2AB8 /* StockDetectiveTests.m */,
				E5F43CD21B632BE5000D2AB8 /* Supporting Files */,
			);
			path = StockDetectiveTests;
			sourceTree = "<group>";
		};
		E5F43CD21B632BE5000D2AB8 /* Supporting Files */ = {
			isa = PBXGroup;
			children = (
				E5F43CD31B632BE5000D2AB8 /* Info.plist */,
			);
			name = "Supporting Files";
			sourceTree = "<group>";
		};
		E5F43CDE1B6337BB000D2AB8 /* Task */ = {
			isa = PBXGroup;
			children = (
				E5F43CDF1B63380D000D2AB8 /* SDRefreshDataTask.h */,
				E5F43CE01B63380D000D2AB8 /* SDRefreshDataTask.m */,
				E5E9D4051B6E1CAB00DCC7C0 /* SDCommonFetcher.h */,
				E5E9D4061B6E1CAB00DCC7C0 /* SDCommonFetcher.m */,
			);
			name = Task;
			sourceTree = "<group>";
		};
		E5F43D5F1B638262000D2AB8 /* 3rdParty */ = {
			isa = PBXGroup;
			children = (
				E5F43DF71B638AC6000D2AB8 /* Yuba.xcodeproj */,
			);
			name = 3rdParty;
			sourceTree = "<group>";
		};
		E5F43DF81B638AC6000D2AB8 /* Products */ = {
			isa = PBXGroup;
			children = (
				E5F43DFC1B638AC6000D2AB8 /* Yuba.framework */,
			);
			name = Products;
			sourceTree = "<group>";
		};
		E5F43E191B638FF4000D2AB8 /* ViewController */ = {
			isa = PBXGroup;
			children = (
				E5F43E1A1B639035000D2AB8 /* SDMainWindowController.h */,
				E5F43E1B1B639035000D2AB8 /* SDMainWindowController.m */,
				E5F43E1C1B639035000D2AB8 /* SDMainWindowController.xib */,
				E5F43E231B63A9BC000D2AB8 /* SDGraphMarkerViewController.h */,
				E5F43E241B63A9BC000D2AB8 /* SDGraphMarkerViewController.m */,
				E5F43E251B63A9BC000D2AB8 /* SDGraphMarkerViewController.xib */,
			);
			name = ViewController;
			sourceTree = "<group>";
		};
		EA4F27AFF5EDF99923C34D14 /* Pods */ = {
			isa = PBXGroup;
			children = (
				8708CD6C50CEC715405FD86F /* Pods.debug.xcconfig */,
				E9A5147D3BB3D733DE4A4357 /* Pods.release.xcconfig */,
			);
			name = Pods;
			sourceTree = "<group>";
		};
/* End PBXGroup section */

/* Begin PBXNativeTarget section */
		84478F731B78902F00B766AF /* ExtensionToday */ = {
			isa = PBXNativeTarget;
			buildConfigurationList = 84478F881B78902F00B766AF /* Build configuration list for PBXNativeTarget "ExtensionToday" */;
			buildPhases = (
				84478F701B78902F00B766AF /* Sources */,
				84478F711B78902F00B766AF /* Frameworks */,
				84478F721B78902F00B766AF /* Resources */,
			);
			buildRules = (
			);
			dependencies = (
			);
			name = ExtensionToday;
			productName = ExtensionToday;
			productReference = 84478F741B78902F00B766AF /* ExtensionToday.appex */;
			productType = "com.apple.product-type.app-extension";
		};
		84EBFDB91B79C6B40078F93B /* ExtensionTodayList */ = {
			isa = PBXNativeTarget;
			buildConfigurationList = 84EBFDD21B79C6B40078F93B /* Build configuration list for PBXNativeTarget "ExtensionTodayList" */;
			buildPhases = (
				84EBFDB61B79C6B40078F93B /* Sources */,
				84EBFDB71B79C6B40078F93B /* Frameworks */,
				84EBFDB81B79C6B40078F93B /* Resources */,
			);
			buildRules = (
			);
			dependencies = (
			);
			name = ExtensionTodayList;
			productName = ExtensionTodayList;
			productReference = 84EBFDBA1B79C6B40078F93B /* ExtensionTodayList.appex */;
			productType = "com.apple.product-type.app-extension";
		};
		E5F43CBA1B632BE5000D2AB8 /* StockDetective */ = {
			isa = PBXNativeTarget;
			buildConfigurationList = E5F43CD81B632BE5000D2AB8 /* Build configuration list for PBXNativeTarget "StockDetective" */;
			buildPhases = (
				C916F81178D28877DDD7C80C /* Check Pods Manifest.lock */,
				E5F43CB71B632BE5000D2AB8 /* Sources */,
				E5F43CB81B632BE5000D2AB8 /* Frameworks */,
				E5F43CB91B632BE5000D2AB8 /* Resources */,
				DFECC658622C58463942FBC2 /* Copy Pods Resources */,
				E5F43E011B638AF1000D2AB8 /* Embed Frameworks */,
				84478F891B78902F00B766AF /* Embed App Extensions */,
			);
			buildRules = (
			);
			dependencies = (
				E5F43E001B638AF1000D2AB8 /* PBXTargetDependency */,
				84478F841B78902F00B766AF /* PBXTargetDependency */,
				84EBFDCE1B79C6B40078F93B /* PBXTargetDependency */,
			);
			name = StockDetective;
			productName = StockDetective;
			productReference = E5F43CBB1B632BE5000D2AB8 /* StockDetective.app */;
			productType = "com.apple.product-type.application";
		};
		E5F43CCD1B632BE5000D2AB8 /* StockDetectiveTests */ = {
			isa = PBXNativeTarget;
			buildConfigurationList = E5F43CDB1B632BE5000D2AB8 /* Build configuration list for PBXNativeTarget "StockDetectiveTests" */;
			buildPhases = (
				E5F43CCA1B632BE5000D2AB8 /* Sources */,
				E5F43CCB1B632BE5000D2AB8 /* Frameworks */,
				E5F43CCC1B632BE5000D2AB8 /* Resources */,
			);
			buildRules = (
			);
			dependencies = (
				E5F43CD01B632BE5000D2AB8 /* PBXTargetDependency */,
			);
			name = StockDetectiveTests;
			productName = StockDetectiveTests;
			productReference = E5F43CCE1B632BE5000D2AB8 /* StockDetectiveTests.xctest */;
			productType = "com.apple.product-type.bundle.unit-test";
		};
/* End PBXNativeTarget section */

/* Begin PBXProject section */
		E5F43CB31B632BE5000D2AB8 /* Project object */ = {
			isa = PBXProject;
			attributes = {
				LastUpgradeCheck = 0640;
				ORGANIZATIONNAME = GoKuStudio;
				TargetAttributes = {
					84478F731B78902F00B766AF = {
						CreatedOnToolsVersion = 6.4;
					};
					84EBFDB91B79C6B40078F93B = {
						CreatedOnToolsVersion = 6.4;
					};
					E5F43CBA1B632BE5000D2AB8 = {
						CreatedOnToolsVersion = 6.4;
					};
					E5F43CCD1B632BE5000D2AB8 = {
						CreatedOnToolsVersion = 6.4;
						TestTargetID = E5F43CBA1B632BE5000D2AB8;
					};
				};
			};
			buildConfigurationList = E5F43CB61B632BE5000D2AB8 /* Build configuration list for PBXProject "StockDetective" */;
			compatibilityVersion = "Xcode 3.2";
			developmentRegion = English;
			hasScannedForEncodings = 0;
			knownRegions = (
				en,
				Base,
				English,
			);
			mainGroup = E5F43CB21B632BE5000D2AB8;
			productRefGroup = E5F43CBC1B632BE5000D2AB8 /* Products */;
			projectDirPath = "";
			projectReferences = (
				{
					ProductGroup = E5F43DF81B638AC6000D2AB8 /* Products */;
					ProjectRef = E5F43DF71B638AC6000D2AB8 /* Yuba.xcodeproj */;
				},
			);
			projectRoot = "";
			targets = (
				E5F43CBA1B632BE5000D2AB8 /* StockDetective */,
				E5F43CCD1B632BE5000D2AB8 /* StockDetectiveTests */,
				84478F731B78902F00B766AF /* ExtensionToday */,
				84EBFDB91B79C6B40078F93B /* ExtensionTodayList */,
			);
		};
/* End PBXProject section */

/* Begin PBXReferenceProxy section */
		E5F43DFC1B638AC6000D2AB8 /* Yuba.framework */ = {
			isa = PBXReferenceProxy;
			fileType = wrapper.framework;
			path = Yuba.framework;
			remoteRef = E5F43DFB1B638AC6000D2AB8 /* PBXContainerItemProxy */;
			sourceTree = BUILT_PRODUCTS_DIR;
		};
/* End PBXReferenceProxy section */

/* Begin PBXResourcesBuildPhase section */
		84478F721B78902F00B766AF /* Resources */ = {
			isa = PBXResourcesBuildPhase;
			buildActionMask = 2147483647;
			files = (
				84478F821B78902F00B766AF /* TodayViewController.xib in Resources */,
				84478F7D1B78902F00B766AF /* InfoPlist.strings in Resources */,
			);
			runOnlyForDeploymentPostprocessing = 0;
		};
		84EBFDB81B79C6B40078F93B /* Resources */ = {
			isa = PBXResourcesBuildPhase;
			buildActionMask = 2147483647;
			files = (
				84EBFDCC1B79C6B40078F93B /* ListRowViewController.xib in Resources */,
				84EBFDCA1B79C6B40078F93B /* TodayViewController.xib in Resources */,
				84EBFDC21B79C6B40078F93B /* InfoPlist.strings in Resources */,
			);
			runOnlyForDeploymentPostprocessing = 0;
		};
		E5F43CB91B632BE5000D2AB8 /* Resources */ = {
			isa = PBXResourcesBuildPhase;
			buildActionMask = 2147483647;
			files = (
				E5F43E1E1B639035000D2AB8 /* SDMainWindowController.xib in Resources */,
				E5F43CC61B632BE5000D2AB8 /* Images.xcassets in Resources */,
				E5F43E271B63A9BC000D2AB8 /* SDGraphMarkerViewController.xib in Resources */,
				E5F43CC91B632BE5000D2AB8 /* MainMenu.xib in Resources */,
			);
			runOnlyForDeploymentPostprocessing = 0;
		};
		E5F43CCC1B632BE5000D2AB8 /* Resources */ = {
			isa = PBXResourcesBuildPhase;
			buildActionMask = 2147483647;
			files = (
			);
			runOnlyForDeploymentPostprocessing = 0;
		};
/* End PBXResourcesBuildPhase section */

/* Begin PBXShellScriptBuildPhase section */
		C916F81178D28877DDD7C80C /* Check Pods Manifest.lock */ = {
			isa = PBXShellScriptBuildPhase;
			buildActionMask = 2147483647;
			files = (
			);
			inputPaths = (
			);
			name = "Check Pods Manifest.lock";
			outputPaths = (
			);
			runOnlyForDeploymentPostprocessing = 0;
			shellPath = /bin/sh;
			shellScript = "diff \"${PODS_ROOT}/../Podfile.lock\" \"${PODS_ROOT}/Manifest.lock\" > /dev/null\nif [[ $? != 0 ]] ; then\n    cat << EOM\nerror: The sandbox is not in sync with the Podfile.lock. Run 'pod install' or update your CocoaPods installation.\nEOM\n    exit 1\nfi\n";
			showEnvVarsInLog = 0;
		};
		DFECC658622C58463942FBC2 /* Copy Pods Resources */ = {
			isa = PBXShellScriptBuildPhase;
			buildActionMask = 2147483647;
			files = (
			);
			inputPaths = (
			);
			name = "Copy Pods Resources";
			outputPaths = (
			);
			runOnlyForDeploymentPostprocessing = 0;
			shellPath = /bin/sh;
			shellScript = "\"${SRCROOT}/Pods/Target Support Files/Pods/Pods-resources.sh\"\n";
			showEnvVarsInLog = 0;
		};
/* End PBXShellScriptBuildPhase section */

/* Begin PBXSourcesBuildPhase section */
		84478F701B78902F00B766AF /* Sources */ = {
			isa = PBXSourcesBuildPhase;
			buildActionMask = 2147483647;
			files = (
				84478F801B78902F00B766AF /* TodayViewController.m in Sources */,
			);
			runOnlyForDeploymentPostprocessing = 0;
		};
		84EBFDB61B79C6B40078F93B /* Sources */ = {
			isa = PBXSourcesBuildPhase;
			buildActionMask = 2147483647;
			files = (
				84EBFDC51B79C6B40078F93B /* TodayViewController.m in Sources */,
				84EBFDC81B79C6B40078F93B /* ListRowViewController.m in Sources */,
			);
			runOnlyForDeploymentPostprocessing = 0;
		};
		E5F43CB71B632BE5000D2AB8 /* Sources */ = {
			isa = PBXSourcesBuildPhase;
			buildActionMask = 2147483647;
			files = (
				E5F43E261B63A9BC000D2AB8 /* SDGraphMarkerViewController.m in Sources */,
				E5F43CC41B632BE5000D2AB8 /* main.m in Sources */,
				E5F43CE11B63380D000D2AB8 /* SDRefreshDataTask.m in Sources */,
				E58551F41B710A870037E7F4 /* SDStockMarket.m in Sources */,
				E5E9D4041B6E1BA200DCC7C0 /* SDStockInfo.m in Sources */,
				E5A6CC3E1B6C96C100FD6565 /* SDColorBackgroundView.m in Sources */,
				E5E9D4071B6E1CAB00DCC7C0 /* SDCommonFetcher.m in Sources */,
				E5F43CC21B632BE5000D2AB8 /* SDAppDelegate.m in Sources */,
				E5F43E1D1B639035000D2AB8 /* SDMainWindowController.m in Sources */,
				848D8CDE1B71C71B001D7A8A /* SDUserInfo.m in Sources */,
			);
			runOnlyForDeploymentPostprocessing = 0;
		};
		E5F43CCA1B632BE5000D2AB8 /* Sources */ = {
			isa = PBXSourcesBuildPhase;
			buildActionMask = 2147483647;
			files = (
				E5F43CD51B632BE5000D2AB8 /* StockDetectiveTests.m in Sources */,
			);
			runOnlyForDeploymentPostprocessing = 0;
		};
/* End PBXSourcesBuildPhase section */

/* Begin PBXTargetDependency section */
		84478F841B78902F00B766AF /* PBXTargetDependency */ = {
			isa = PBXTargetDependency;
			target = 84478F731B78902F00B766AF /* ExtensionToday */;
			targetProxy = 84478F831B78902F00B766AF /* PBXContainerItemProxy */;
		};
		84EBFDCE1B79C6B40078F93B /* PBXTargetDependency */ = {
			isa = PBXTargetDependency;
			target = 84EBFDB91B79C6B40078F93B /* ExtensionTodayList */;
			targetProxy = 84EBFDCD1B79C6B40078F93B /* PBXContainerItemProxy */;
		};
		E5F43CD01B632BE5000D2AB8 /* PBXTargetDependency */ = {
			isa = PBXTargetDependency;
			target = E5F43CBA1B632BE5000D2AB8 /* StockDetective */;
			targetProxy = E5F43CCF1B632BE5000D2AB8 /* PBXContainerItemProxy */;
		};
		E5F43E001B638AF1000D2AB8 /* PBXTargetDependency */ = {
			isa = PBXTargetDependency;
			name = Yuba;
			targetProxy = E5F43DFF1B638AF1000D2AB8 /* PBXContainerItemProxy */;
		};
/* End PBXTargetDependency section */

/* Begin PBXVariantGroup section */
		84478F7B1B78902F00B766AF /* InfoPlist.strings */ = {
			isa = PBXVariantGroup;
			children = (
				84478F7C1B78902F00B766AF /* en */,
			);
			name = InfoPlist.strings;
			sourceTree = "<group>";
		};
		84EBFDC01B79C6B40078F93B /* InfoPlist.strings */ = {
			isa = PBXVariantGroup;
			children = (
				84EBFDC11B79C6B40078F93B /* en */,
			);
			name = InfoPlist.strings;
			sourceTree = "<group>";
		};
		E5F43CC71B632BE5000D2AB8 /* MainMenu.xib */ = {
			isa = PBXVariantGroup;
			children = (
				E5F43CC81B632BE5000D2AB8 /* Base */,
			);
			name = MainMenu.xib;
			sourceTree = "<group>";
		};
/* End PBXVariantGroup section */

/* Begin XCBuildConfiguration section */
		84478F861B78902F00B766AF /* Debug */ = {
			isa = XCBuildConfiguration;
			buildSettings = {
				ALWAYS_SEARCH_USER_PATHS = NO;
				CODE_SIGN_ENTITLEMENTS = ExtensionToday/ExtensionToday.entitlements;
				CODE_SIGN_IDENTITY = "-";
				COMBINE_HIDPI_IMAGES = YES;
				GCC_PREPROCESSOR_DEFINITIONS = (
					"DEBUG=1",
					"$(inherited)",
				);
				INFOPLIST_FILE = ExtensionToday/Info.plist;
				LD_RUNPATH_SEARCH_PATHS = "$(inherited) @executable_path/../Frameworks @executable_path/../../../../Frameworks";
				PRODUCT_NAME = "$(TARGET_NAME)";
				SKIP_INSTALL = YES;
			};
			name = Debug;
		};
		84478F871B78902F00B766AF /* Release */ = {
			isa = XCBuildConfiguration;
			buildSettings = {
				ALWAYS_SEARCH_USER_PATHS = NO;
				CODE_SIGN_ENTITLEMENTS = ExtensionToday/ExtensionToday.entitlements;
				CODE_SIGN_IDENTITY = "-";
				COMBINE_HIDPI_IMAGES = YES;
				INFOPLIST_FILE = ExtensionToday/Info.plist;
				LD_RUNPATH_SEARCH_PATHS = "$(inherited) @executable_path/../Frameworks @executable_path/../../../../Frameworks";
				PRODUCT_NAME = "$(TARGET_NAME)";
				SKIP_INSTALL = YES;
			};
			name = Release;
		};
		84EBFDD01B79C6B40078F93B /* Debug */ = {
			isa = XCBuildConfiguration;
			buildSettings = {
				ALWAYS_SEARCH_USER_PATHS = NO;
				CODE_SIGN_ENTITLEMENTS = ExtensionTodayList/ExtensionTodayList.entitlements;
				CODE_SIGN_IDENTITY = "-";
				COMBINE_HIDPI_IMAGES = YES;
				GCC_PREPROCESSOR_DEFINITIONS = (
					"DEBUG=1",
					"$(inherited)",
				);
				INFOPLIST_FILE = ExtensionTodayList/Info.plist;
				LD_RUNPATH_SEARCH_PATHS = "$(inherited) @executable_path/../Frameworks @executable_path/../../../../Frameworks";
				PRODUCT_NAME = "$(TARGET_NAME)";
				SKIP_INSTALL = YES;
			};
			name = Debug;
		};
		84EBFDD11B79C6B40078F93B /* Release */ = {
			isa = XCBuildConfiguration;
			buildSettings = {
				ALWAYS_SEARCH_USER_PATHS = NO;
				CODE_SIGN_ENTITLEMENTS = ExtensionTodayList/ExtensionTodayList.entitlements;
				CODE_SIGN_IDENTITY = "-";
				COMBINE_HIDPI_IMAGES = YES;
				INFOPLIST_FILE = ExtensionTodayList/Info.plist;
				LD_RUNPATH_SEARCH_PATHS = "$(inherited) @executable_path/../Frameworks @executable_path/../../../../Frameworks";
				PRODUCT_NAME = "$(TARGET_NAME)";
				SKIP_INSTALL = YES;
			};
			name = Release;
		};
		E5F43CD61B632BE5000D2AB8 /* Debug */ = {
			isa = XCBuildConfiguration;
			buildSettings = {
				ALWAYS_SEARCH_USER_PATHS = YES;
				CLANG_CXX_LANGUAGE_STANDARD = "gnu++0x";
				CLANG_CXX_LIBRARY = "libc++";
				CLANG_ENABLE_MODULES = YES;
				CLANG_ENABLE_OBJC_ARC = YES;
				CLANG_WARN_BOOL_CONVERSION = YES;
				CLANG_WARN_CONSTANT_CONVERSION = YES;
				CLANG_WARN_DIRECT_OBJC_ISA_USAGE = YES_ERROR;
				CLANG_WARN_EMPTY_BODY = YES;
				CLANG_WARN_ENUM_CONVERSION = YES;
				CLANG_WARN_INT_CONVERSION = YES;
				CLANG_WARN_OBJC_ROOT_CLASS = YES_ERROR;
				CLANG_WARN_UNREACHABLE_CODE = YES;
				CLANG_WARN__DUPLICATE_METHOD_MATCH = YES;
				CODE_SIGN_IDENTITY = "-";
				COPY_PHASE_STRIP = NO;
				DEBUG_INFORMATION_FORMAT = dwarf;
				ENABLE_STRICT_OBJC_MSGSEND = YES;
				GCC_C_LANGUAGE_STANDARD = gnu99;
				GCC_DYNAMIC_NO_PIC = NO;
				GCC_NO_COMMON_BLOCKS = YES;
				GCC_OPTIMIZATION_LEVEL = 0;
				GCC_PREPROCESSOR_DEFINITIONS = (
					"DEBUG=1",
					"$(inherited)",
				);
				GCC_SYMBOLS_PRIVATE_EXTERN = NO;
				GCC_WARN_64_TO_32_BIT_CONVERSION = YES;
				GCC_WARN_ABOUT_RETURN_TYPE = YES_ERROR;
				GCC_WARN_UNDECLARED_SELECTOR = YES;
				GCC_WARN_UNINITIALIZED_AUTOS = YES_AGGRESSIVE;
				GCC_WARN_UNUSED_FUNCTION = YES;
				GCC_WARN_UNUSED_VARIABLE = YES;
				MACOSX_DEPLOYMENT_TARGET = 10.10;
				MTL_ENABLE_DEBUG_INFO = YES;
				ONLY_ACTIVE_ARCH = YES;
				SDKROOT = macosx;
			};
			name = Debug;
		};
		E5F43CD71B632BE5000D2AB8 /* Release */ = {
			isa = XCBuildConfiguration;
			buildSettings = {
				ALWAYS_SEARCH_USER_PATHS = YES;
				CLANG_CXX_LANGUAGE_STANDARD = "gnu++0x";
				CLANG_CXX_LIBRARY = "libc++";
				CLANG_ENABLE_MODULES = YES;
				CLANG_ENABLE_OBJC_ARC = YES;
				CLANG_WARN_BOOL_CONVERSION = YES;
				CLANG_WARN_CONSTANT_CONVERSION = YES;
				CLANG_WARN_DIRECT_OBJC_ISA_USAGE = YES_ERROR;
				CLANG_WARN_EMPTY_BODY = YES;
				CLANG_WARN_ENUM_CONVERSION = YES;
				CLANG_WARN_INT_CONVERSION = YES;
				CLANG_WARN_OBJC_ROOT_CLASS = YES_ERROR;
				CLANG_WARN_UNREACHABLE_CODE = YES;
				CLANG_WARN__DUPLICATE_METHOD_MATCH = YES;
				CODE_SIGN_IDENTITY = "-";
				COPY_PHASE_STRIP = NO;
				DEBUG_INFORMATION_FORMAT = "dwarf-with-dsym";
				ENABLE_NS_ASSERTIONS = NO;
				ENABLE_STRICT_OBJC_MSGSEND = YES;
				GCC_C_LANGUAGE_STANDARD = gnu99;
				GCC_NO_COMMON_BLOCKS = YES;
				GCC_WARN_64_TO_32_BIT_CONVERSION = YES;
				GCC_WARN_ABOUT_RETURN_TYPE = YES_ERROR;
				GCC_WARN_UNDECLARED_SELECTOR = YES;
				GCC_WARN_UNINITIALIZED_AUTOS = YES_AGGRESSIVE;
				GCC_WARN_UNUSED_FUNCTION = YES;
				GCC_WARN_UNUSED_VARIABLE = YES;
				MACOSX_DEPLOYMENT_TARGET = 10.10;
				MTL_ENABLE_DEBUG_INFO = NO;
				SDKROOT = macosx;
			};
			name = Release;
		};
		E5F43CD91B632BE5000D2AB8 /* Debug */ = {
			isa = XCBuildConfiguration;
			baseConfigurationReference = 8708CD6C50CEC715405FD86F /* Pods.debug.xcconfig */;
			buildSettings = {
				ALWAYS_SEARCH_USER_PATHS = YES;
				ASSETCATALOG_COMPILER_APPICON_NAME = AppIcon;
				COMBINE_HIDPI_IMAGES = YES;
				INFOPLIST_FILE = StockDetective/Info.plist;
				LD_RUNPATH_SEARCH_PATHS = "$(inherited) @executable_path/../Frameworks @loader_path/../Frameworks $(CONFIGURATION_BUILD_DIR)";
				PRODUCT_NAME = "$(TARGET_NAME)";
			};
			name = Debug;
		};
		E5F43CDA1B632BE5000D2AB8 /* Release */ = {
			isa = XCBuildConfiguration;
			baseConfigurationReference = E9A5147D3BB3D733DE4A4357 /* Pods.release.xcconfig */;
			buildSettings = {
				ALWAYS_SEARCH_USER_PATHS = YES;
				ASSETCATALOG_COMPILER_APPICON_NAME = AppIcon;
				COMBINE_HIDPI_IMAGES = YES;
				INFOPLIST_FILE = StockDetective/Info.plist;
				LD_RUNPATH_SEARCH_PATHS = "$(inherited) @executable_path/../Frameworks @loader_path/../Frameworks $(CONFIGURATION_BUILD_DIR)";
				PRODUCT_NAME = "$(TARGET_NAME)";
			};
			name = Release;
		};
		E5F43CDC1B632BE5000D2AB8 /* Debug */ = {
			isa = XCBuildConfiguration;
			buildSettings = {
				BUNDLE_LOADER = "$(TEST_HOST)";
				COMBINE_HIDPI_IMAGES = YES;
				FRAMEWORK_SEARCH_PATHS = (
					"$(DEVELOPER_FRAMEWORKS_DIR)",
					"$(inherited)",
				);
				GCC_PREPROCESSOR_DEFINITIONS = (
					"DEBUG=1",
					"$(inherited)",
				);
				INFOPLIST_FILE = StockDetectiveTests/Info.plist;
				LD_RUNPATH_SEARCH_PATHS = "$(inherited) @executable_path/../Frameworks @loader_path/../Frameworks";
				PRODUCT_NAME = "$(TARGET_NAME)";
				TEST_HOST = "$(BUILT_PRODUCTS_DIR)/StockDetective.app/Contents/MacOS/StockDetective";
			};
			name = Debug;
		};
		E5F43CDD1B632BE5000D2AB8 /* Release */ = {
			isa = XCBuildConfiguration;
			buildSettings = {
				BUNDLE_LOADER = "$(TEST_HOST)";
				COMBINE_HIDPI_IMAGES = YES;
				FRAMEWORK_SEARCH_PATHS = (
					"$(DEVELOPER_FRAMEWORKS_DIR)",
					"$(inherited)",
				);
				INFOPLIST_FILE = StockDetectiveTests/Info.plist;
				LD_RUNPATH_SEARCH_PATHS = "$(inherited) @executable_path/../Frameworks @loader_path/../Frameworks";
				PRODUCT_NAME = "$(TARGET_NAME)";
				TEST_HOST = "$(BUILT_PRODUCTS_DIR)/StockDetective.app/Contents/MacOS/StockDetective";
			};
			name = Release;
		};
/* End XCBuildConfiguration section */

/* Begin XCConfigurationList section */
		84478F881B78902F00B766AF /* Build configuration list for PBXNativeTarget "ExtensionToday" */ = {
			isa = XCConfigurationList;
			buildConfigurations = (
				84478F861B78902F00B766AF /* Debug */,
				84478F871B78902F00B766AF /* Release */,
			);
			defaultConfigurationIsVisible = 0;
			defaultConfigurationName = Release;
		};
		84EBFDD21B79C6B40078F93B /* Build configuration list for PBXNativeTarget "ExtensionTodayList" */ = {
			isa = XCConfigurationList;
			buildConfigurations = (
				84EBFDD01B79C6B40078F93B /* Debug */,
				84EBFDD11B79C6B40078F93B /* Release */,
			);
			defaultConfigurationIsVisible = 0;
		};
		E5F43CB61B632BE5000D2AB8 /* Build configuration list for PBXProject "StockDetective" */ = {
			isa = XCConfigurationList;
			buildConfigurations = (
				E5F43CD61B632BE5000D2AB8 /* Debug */,
				E5F43CD71B632BE5000D2AB8 /* Release */,
			);
			defaultConfigurationIsVisible = 0;
			defaultConfigurationName = Release;
		};
		E5F43CD81B632BE5000D2AB8 /* Build configuration list for PBXNativeTarget "StockDetective" */ = {
			isa = XCConfigurationList;
			buildConfigurations = (
				E5F43CD91B632BE5000D2AB8 /* Debug */,
				E5F43CDA1B632BE5000D2AB8 /* Release */,
			);
			defaultConfigurationIsVisible = 0;
			defaultConfigurationName = Release;
		};
		E5F43CDB1B632BE5000D2AB8 /* Build configuration list for PBXNativeTarget "StockDetectiveTests" */ = {
			isa = XCConfigurationList;
			buildConfigurations = (
				E5F43CDC1B632BE5000D2AB8 /* Debug */,
				E5F43CDD1B632BE5000D2AB8 /* Release */,
			);
			defaultConfigurationIsVisible = 0;
			defaultConfigurationName = Release;
		};
/* End XCConfigurationList section */
	};
	rootObject = E5F43CB31B632BE5000D2AB8 /* Project object */;
}
